{
  "name": "vietnamese-lunar-date",
  "version": "1.0.0",
  "lockfileVersion": 2,
  "requires": true,
  "packages": {
    "": {
      "name": "vietnamese-lunar-date",
      "version": "1.0.0",
      "license": "MIT",
      "dependencies": {
        "convert-local-date-npm": "^1.0.4",
        "vietnamese-lunar-date": "^1.0.0"
      }
    },
    "node_modules/convert-local-date-npm": {
      "version": "1.0.4",
      "resolved": "https://registry.npmjs.org/convert-local-date-npm/-/convert-local-date-npm-1.0.4.tgz",
      "integrity": "sha512-9M2miiLFXPD+5WYoFU7Zvu+5fx4irzeE7oS3EKqxf3YAzYFIB2pirGZy5oASn6FlX9WDt8OAKuHPAQ0SWQmDFQ==",
      "dependencies": {
        "convert-local-date-npm": "^1.0.3"
      }
    },
    "node_modules/vietnamese-lunar-date": {
      "version": "1.0.0",
      "resolved": "https://registry.npmjs.org/vietnamese-lunar-date/-/vietnamese-lunar-date-1.0.0.tgz",
      "integrity": "sha512-FETa20uV1QTbJ8jWcBeyp9l+GkFu31uzjD5JOTk2yRlF7kMg7V3g7WllcRvTe+Obdwqb/yM/lpXFGlm2L38XKA==",
      "dependencies": {
        "convert-local-date-npm": "^1.0.4"
      }
    }
  },
  "dependencies": {
    "convert-local-date-npm": {
      "version": "1.0.4",
      "resolved": "https://registry.npmjs.org/convert-local-date-npm/-/convert-local-date-npm-1.0.4.tgz",
      "integrity": "sha512-9M2miiLFXPD+5WYoFU7Zvu+5fx4irzeE7oS3EKqxf3YAzYFIB2pirGZy5oASn6FlX9WDt8OAKuHPAQ0SWQmDFQ==",
      "requires": {
        "convert-local-date-npm": "^1.0.3"
      }
    },
    "vietnamese-lunar-date": {
      "version": "1.0.0",
      "resolved": "https://registry.npmjs.org/vietnamese-lunar-date/-/vietnamese-lunar-date-1.0.0.tgz",
      "integrity": "sha512-FETa20uV1QTbJ8jWcBeyp9l+GkFu31uzjD5JOTk2yRlF7kMg7V3g7WllcRvTe+Obdwqb/yM/lpXFGlm2L38XKA==",
      "requires": {
        "convert-local-date-npm": "^1.0.4"
      }
    }
  }
}
